
Microsoft Visual Studio Solution File, Format Version 12.00
# Visual Studio Version 16
VisualStudioVersion = 16.0.30114.105
MinimumVisualStudioVersion = 10.0.40219.1
Project("{FAE04EC0-301F-11D3-BF4B-00C04F79EFBC}") = "API", "API\API.csproj", "{77465B59-B69F-4253-BCB2-1EFB226CD814}"
EndProject
Project("{FAE04EC0-301F-11D3-BF4B-00C04F79EFBC}") = "Application", "Application\Application.csproj", "{7121605D-4451-4EDC-8C50-AEB6E57B20FE}"
EndProject
Project("{FAE04EC0-301F-11D3-BF4B-00C04F79EFBC}") = "Domain", "Domain\Domain.csproj", "{1925860B-2ED7-42FB-9642-6C24CC466FC4}"
EndProject
Project("{FAE04EC0-301F-11D3-BF4B-00C04F79EFBC}") = "Persistence", "Persistence\Persistence.csproj", "{D69148DB-4C4B-4A3C-A988-B5C6F455F45E}"
EndProject
Global
	GlobalSection(SolutionConfigurationPlatforms) = preSolution
		Debug|Any CPU = Debug|Any CPU
		Debug|x64 = Debug|x64
		Debug|x86 = Debug|x86
		Release|Any CPU = Release|Any CPU
		Release|x64 = Release|x64
		Release|x86 = Release|x86
	EndGlobalSection
	GlobalSection(SolutionProperties) = preSolution
		HideSolutionNode = FALSE
	EndGlobalSection
	GlobalSection(ProjectConfigurationPlatforms) = postSolution
		{77465B59-B69F-4253-BCB2-1EFB226CD814}.Debug|Any CPU.ActiveCfg = Debug|Any CPU
		{77465B59-B69F-4253-BCB2-1EFB226CD814}.Debug|Any CPU.Build.0 = Debug|Any CPU
		{77465B59-B69F-4253-BCB2-1EFB226CD814}.Debug|x64.ActiveCfg = Debug|Any CPU
		{77465B59-B69F-4253-BCB2-1EFB226CD814}.Debug|x64.Build.0 = Debug|Any CPU
		{77465B59-B69F-4253-BCB2-1EFB226CD814}.Debug|x86.ActiveCfg = Debug|Any CPU
		{77465B59-B69F-4253-BCB2-1EFB226CD814}.Debug|x86.Build.0 = Debug|Any CPU
		{77465B59-B69F-4253-BCB2-1EFB226CD814}.Release|Any CPU.ActiveCfg = Release|Any CPU
		{77465B59-B69F-4253-BCB2-1EFB226CD814}.Release|Any CPU.Build.0 = Release|Any CPU
		{77465B59-B69F-4253-BCB2-1EFB226CD814}.Release|x64.ActiveCfg = Release|Any CPU
		{77465B59-B69F-4253-BCB2-1EFB226CD814}.Release|x64.Build.0 = Release|Any CPU
		{77465B59-B69F-4253-BCB2-1EFB226CD814}.Release|x86.ActiveCfg = Release|Any CPU
		{77465B59-B69F-4253-BCB2-1EFB226CD814}.Release|x86.Build.0 = Release|Any CPU
		{7121605D-4451-4EDC-8C50-AEB6E57B20FE}.Debug|Any CPU.ActiveCfg = Debug|Any CPU
		{7121605D-4451-4EDC-8C50-AEB6E57B20FE}.Debug|Any CPU.Build.0 = Debug|Any CPU
		{7121605D-4451-4EDC-8C50-AEB6E57B20FE}.Debug|x64.ActiveCfg = Debug|Any CPU
		{7121605D-4451-4EDC-8C50-AEB6E57B20FE}.Debug|x64.Build.0 = Debug|Any CPU
		{7121605D-4451-4EDC-8C50-AEB6E57B20FE}.Debug|x86.ActiveCfg = Debug|Any CPU
		{7121605D-4451-4EDC-8C50-AEB6E57B20FE}.Debug|x86.Build.0 = Debug|Any CPU
		{7121605D-4451-4EDC-8C50-AEB6E57B20FE}.Release|Any CPU.ActiveCfg = Release|Any CPU
		{7121605D-4451-4EDC-8C50-AEB6E57B20FE}.Release|Any CPU.Build.0 = Release|Any CPU
		{7121605D-4451-4EDC-8C50-AEB6E57B20FE}.Release|x64.ActiveCfg = Release|Any CPU
		{7121605D-4451-4EDC-8C50-AEB6E57B20FE}.Release|x64.Build.0 = Release|Any CPU
		{7121605D-4451-4EDC-8C50-AEB6E57B20FE}.Release|x86.ActiveCfg = Release|Any CPU
		{7121605D-4451-4EDC-8C50-AEB6E57B20FE}.Release|x86.Build.0 = Release|Any CPU
		{1925860B-2ED7-42FB-9642-6C24CC466FC4}.Debug|Any CPU.ActiveCfg = Debug|Any CPU
		{1925860B-2ED7-42FB-9642-6C24CC466FC4}.Debug|Any CPU.Build.0 = Debug|Any CPU
		{1925860B-2ED7-42FB-9642-6C24CC466FC4}.Debug|x64.ActiveCfg = Debug|Any CPU
		{1925860B-2ED7-42FB-9642-6C24CC466FC4}.Debug|x64.Build.0 = Debug|Any CPU
		{1925860B-2ED7-42FB-9642-6C24CC466FC4}.Debug|x86.ActiveCfg = Debug|Any CPU
		{1925860B-2ED7-42FB-9642-6C24CC466FC4}.Debug|x86.Build.0 = Debug|Any CPU
		{1925860B-2ED7-42FB-9642-6C24CC466FC4}.Release|Any CPU.ActiveCfg = Release|Any CPU
		{1925860B-2ED7-42FB-9642-6C24CC466FC4}.Release|Any CPU.Build.0 = Release|Any CPU
		{1925860B-2ED7-42FB-9642-6C24CC466FC4}.Release|x64.ActiveCfg = Release|Any CPU
		{1925860B-2ED7-42FB-9642-6C24CC466FC4}.Release|x64.Build.0 = Release|Any CPU
		{1925860B-2ED7-42FB-9642-6C24CC466FC4}.Release|x86.ActiveCfg = Release|Any CPU
		{1925860B-2ED7-42FB-9642-6C24CC466FC4}.Release|x86.Build.0 = Release|Any CPU
		{D69148DB-4C4B-4A3C-A988-B5C6F455F45E}.Debug|Any CPU.ActiveCfg = Debug|Any CPU
		{D69148DB-4C4B-4A3C-A988-B5C6F455F45E}.Debug|Any CPU.Build.0 = Debug|Any CPU
		{D69148DB-4C4B-4A3C-A988-B5C6F455F45E}.Debug|x64.ActiveCfg = Debug|Any CPU
		{D69148DB-4C4B-4A3C-A988-B5C6F455F45E}.Debug|x64.Build.0 = Debug|Any CPU
		{D69148DB-4C4B-4A3C-A988-B5C6F455F45E}.Debug|x86.ActiveCfg = Debug|Any CPU
		{D69148DB-4C4B-4A3C-A988-B5C6F455F45E}.Debug|x86.Build.0 = Debug|Any CPU
		{D69148DB-4C4B-4A3C-A988-B5C6F455F45E}.Release|Any CPU.ActiveCfg = Release|Any CPU
		{D69148DB-4C4B-4A3C-A988-B5C6F455F45E}.Release|Any CPU.Build.0 = Release|Any CPU
		{D69148DB-4C4B-4A3C-A988-B5C6F455F45E}.Release|x64.ActiveCfg = Release|Any CPU
		{D69148DB-4C4B-4A3C-A988-B5C6F455F45E}.Release|x64.Build.0 = Release|Any CPU
		{D69148DB-4C4B-4A3C-A988-B5C6F455F45E}.Release|x86.ActiveCfg = Release|Any CPU
		{D69148DB-4C4B-4A3C-A988-B5C6F455F45E}.Release|x86.Build.0 = Release|Any CPU
	EndGlobalSection
EndGlobal
